
Microsoft Visual Studio Solution File, Format Version 12.00
# Visual Studio Version 16
VisualStudioVersion = 16.0.29306.81
MinimumVisualStudioVersion = 10.0.40219.1
Project("{FAE04EC0-301F-11D3-BF4B-00C04F79EFBC}") = "01_Challange_Console", "01_Challange_Console\01_Challange_Console.csproj", "{F872F118-D2C9-432A-BFFC-207E73A38722}"
EndProject
Project("{FAE04EC0-301F-11D3-BF4B-00C04F79EFBC}") = "01_Challange_Repository", "01_Challange_Repository\01_Challange_Repository.csproj", "{E03A4C45-0D50-43B8-8BE8-917C9DBD16E9}"
EndProject
Project("{FAE04EC0-301F-11D3-BF4B-00C04F79EFBC}") = "01_Challange_Tests", "01_Challange_Tests\01_Challange_Tests.csproj", "{58F944FA-DFF2-4B43-BCF3-3BD24F7FBC85}"
EndProject
Project("{FAE04EC0-301F-11D3-BF4B-00C04F79EFBC}") = "02_Challange_Console", "02_Challange_Console\02_Challange_Console.csproj", "{C27D7B5C-3316-417F-B037-E1C7ABEC7B33}"
EndProject
Project("{FAE04EC0-301F-11D3-BF4B-00C04F79EFBC}") = "02_Challange Repository", "02_Challange Repository\02_Challange Repository.csproj", "{69F59091-3C9E-45B8-95FB-91C191EC1314}"
EndProject
Project("{FAE04EC0-301F-11D3-BF4B-00C04F79EFBC}") = "02_ClaimRepository_Tests", "02_ClaimRepository_Tests\02_ClaimRepository_Tests.csproj", "{8795D134-9946-45D7-B68A-B105EDC38E0F}"
EndProject
Global
	GlobalSection(SolutionConfigurationPlatforms) = preSolution
		Debug|Any CPU = Debug|Any CPU
		Release|Any CPU = Release|Any CPU
	EndGlobalSection
	GlobalSection(ProjectConfigurationPlatforms) = postSolution
		{F872F118-D2C9-432A-BFFC-207E73A38722}.Debug|Any CPU.ActiveCfg = Debug|Any CPU
		{F872F118-D2C9-432A-BFFC-207E73A38722}.Debug|Any CPU.Build.0 = Debug|Any CPU
		{F872F118-D2C9-432A-BFFC-207E73A38722}.Release|Any CPU.ActiveCfg = Release|Any CPU
		{F872F118-D2C9-432A-BFFC-207E73A38722}.Release|Any CPU.Build.0 = Release|Any CPU
		{E03A4C45-0D50-43B8-8BE8-917C9DBD16E9}.Debug|Any CPU.ActiveCfg = Debug|Any CPU
		{E03A4C45-0D50-43B8-8BE8-917C9DBD16E9}.Debug|Any CPU.Build.0 = Debug|Any CPU
		{E03A4C45-0D50-43B8-8BE8-917C9DBD16E9}.Release|Any CPU.ActiveCfg = Release|Any CPU
		{E03A4C45-0D50-43B8-8BE8-917C9DBD16E9}.Release|Any CPU.Build.0 = Release|Any CPU
		{58F944FA-DFF2-4B43-BCF3-3BD24F7FBC85}.Debug|Any CPU.ActiveCfg = Debug|Any CPU
		{58F944FA-DFF2-4B43-BCF3-3BD24F7FBC85}.Debug|Any CPU.Build.0 = Debug|Any CPU
		{58F944FA-DFF2-4B43-BCF3-3BD24F7FBC85}.Release|Any CPU.ActiveCfg = Release|Any CPU
		{58F944FA-DFF2-4B43-BCF3-3BD24F7FBC85}.Release|Any CPU.Build.0 = Release|Any CPU
		{C27D7B5C-3316-417F-B037-E1C7ABEC7B33}.Debug|Any CPU.ActiveCfg = Debug|Any CPU
		{C27D7B5C-3316-417F-B037-E1C7ABEC7B33}.Debug|Any CPU.Build.0 = Debug|Any CPU
		{C27D7B5C-3316-417F-B037-E1C7ABEC7B33}.Release|Any CPU.ActiveCfg = Release|Any CPU
		{C27D7B5C-3316-417F-B037-E1C7ABEC7B33}.Release|Any CPU.Build.0 = Release|Any CPU
		{69F59091-3C9E-45B8-95FB-91C191EC1314}.Debug|Any CPU.ActiveCfg = Debug|Any CPU
		{69F59091-3C9E-45B8-95FB-91C191EC1314}.Debug|Any CPU.Build.0 = Debug|Any CPU
		{69F59091-3C9E-45B8-95FB-91C191EC1314}.Release|Any CPU.ActiveCfg = Release|Any CPU
		{69F59091-3C9E-45B8-95FB-91C191EC1314}.Release|Any CPU.Build.0 = Release|Any CPU
		{8795D134-9946-45D7-B68A-B105EDC38E0F}.Debug|Any CPU.ActiveCfg = Debug|Any CPU
		{8795D134-9946-45D7-B68A-B105EDC38E0F}.Debug|Any CPU.Build.0 = Debug|Any CPU
		{8795D134-9946-45D7-B68A-B105EDC38E0F}.Release|Any CPU.ActiveCfg = Release|Any CPU
		{8795D134-9946-45D7-B68A-B105EDC38E0F}.Release|Any CPU.Build.0 = Release|Any CPU
	EndGlobalSection
	GlobalSection(SolutionProperties) = preSolution
		HideSolutionNode = FALSE
	EndGlobalSection
	GlobalSection(ExtensibilityGlobals) = postSolution
		SolutionGuid = {C6506D37-5BC6-4718-BE7A-6C78B13EFE43}
	EndGlobalSection
EndGlobal
